
Microsoft Visual Studio Solution File, Format Version 12.00
Project("{FAE04EC0-301F-11D3-BF4B-00C04F79EFBC}") = "BaseLinkerApi", "BaseLinkerApi\BaseLinkerApi.csproj", "{5F1C9091-1A6D-4E4E-B337-81EB93A08426}"
EndProject
Project("{FAE04EC0-301F-11D3-BF4B-00C04F79EFBC}") = "BaseLinkerApiConsoleApp", "BaseLinkerApiConsoleApp\BaseLinkerApiConsoleApp.csproj", "{0E7F10FC-5EC3-4BF7-BE87-9651290FACF5}"
EndProject
Global
	GlobalSection(SolutionConfigurationPlatforms) = preSolution
		Debug|Any CPU = Debug|Any CPU
		Release|Any CPU = Release|Any CPU
	EndGlobalSection
	GlobalSection(ProjectConfigurationPlatforms) = postSolution
		{5F1C9091-1A6D-4E4E-B337-81EB93A08426}.Debug|Any CPU.ActiveCfg = Debug|Any CPU
		{5F1C9091-1A6D-4E4E-B337-81EB93A08426}.Debug|Any CPU.Build.0 = Debug|Any CPU
		{5F1C9091-1A6D-4E4E-B337-81EB93A08426}.Release|Any CPU.ActiveCfg = Release|Any CPU
		{5F1C9091-1A6D-4E4E-B337-81EB93A08426}.Release|Any CPU.Build.0 = Release|Any CPU
		{0E7F10FC-5EC3-4BF7-BE87-9651290FACF5}.Debug|Any CPU.ActiveCfg = Debug|Any CPU
		{0E7F10FC-5EC3-4BF7-BE87-9651290FACF5}.Debug|Any CPU.Build.0 = Debug|Any CPU
		{0E7F10FC-5EC3-4BF7-BE87-9651290FACF5}.Release|Any CPU.ActiveCfg = Release|Any CPU
		{0E7F10FC-5EC3-4BF7-BE87-9651290FACF5}.Release|Any CPU.Build.0 = Release|Any CPU
	EndGlobalSection
EndGlobal
